// !$*UTF8*$!
{
	archiveVersion = 1;
	classes = {
	};
	objectVersion = 56;
	objects = {

/* Begin PBXBuildFile section */
		2C77785D29766AE50066B7D9 /* AppDelegate.swift in Sources */ = {isa = PBXBuildFile; fileRef = 2C77785C29766AE50066B7D9 /* AppDelegate.swift */; };
		2C77785F29766AE50066B7D9 /* DocumentBrowserViewController.swift in Sources */ = {isa = PBXBuildFile; fileRef = 2C77785E29766AE50066B7D9 /* DocumentBrowserViewController.swift */; };
		2C77786129766AE50066B7D9 /* DocumentViewController.swift in Sources */ = {isa = PBXBuildFile; fileRef = 2C77786029766AE50066B7D9 /* DocumentViewController.swift */; };
		2C77786329766AE50066B7D9 /* Document.swift in Sources */ = {isa = PBXBuildFile; fileRef = 2C77786229766AE50066B7D9 /* Document.swift */; };
		2C77786629766AE50066B7D9 /* Main.storyboard in Resources */ = {isa = PBXBuildFile; fileRef = 2C77786429766AE50066B7D9 /* Main.storyboard */; };
		2C77786829766AE60066B7D9 /* Assets.xcassets in Resources */ = {isa = PBXBuildFile; fileRef = 2C77786729766AE60066B7D9 /* Assets.xcassets */; };
		2C77786B29766AE60066B7D9 /* LaunchScreen.storyboard in Resources */ = {isa = PBXBuildFile; fileRef = 2C77786929766AE60066B7D9 /* LaunchScreen.storyboard */; };
		2C77787629766AE60066B7D9 /* playgrond3Tests.swift in Sources */ = {isa = PBXBuildFile; fileRef = 2C77787529766AE60066B7D9 /* playgrond3Tests.swift */; };
		2C77788029766AE60066B7D9 /* playgrond3UITests.swift in Sources */ = {isa = PBXBuildFile; fileRef = 2C77787F29766AE60066B7D9 /* playgrond3UITests.swift */; };
		2C77788229766AE60066B7D9 /* playgrond3UITestsLaunchTests.swift in Sources */ = {isa = PBXBuildFile; fileRef = 2C77788129766AE60066B7D9 /* playgrond3UITestsLaunchTests.swift */; };
/* End PBXBuildFile section */

/* Begin PBXContainerItemProxy section */
		2C77787229766AE60066B7D9 /* PBXContainerItemProxy */ = {
			isa = PBXContainerItemProxy;
			containerPortal = 2C77785129766AE50066B7D9 /* Project object */;
			proxyType = 1;
			remoteGlobalIDString = 2C77785829766AE50066B7D9;
			remoteInfo = playgrond3;
		};
		2C77787C29766AE60066B7D9 /* PBXContainerItemProxy */ = {
			isa = PBXContainerItemProxy;
			containerPortal = 2C77785129766AE50066B7D9 /* Project object */;
			proxyType = 1;
			remoteGlobalIDString = 2C77785829766AE50066B7D9;
			remoteInfo = playgrond3;
		};
/* End PBXContainerItemProxy section */

/* Begin PBXFileReference section */
		2C77785929766AE50066B7D9 /* playgrond3.app */ = {isa = PBXFileReference; explicitFileType = wrapper.application; includeInIndex = 0; path = playgrond3.app; sourceTree = BUILT_PRODUCTS_DIR; };
		2C77785C29766AE50066B7D9 /* AppDelegate.swift */ = {isa = PBXFileReference; lastKnownFileType = sourcecode.swift; path = AppDelegate.swift; sourceTree = "<group>"; };
		2C77785E29766AE50066B7D9 /* DocumentBrowserViewController.swift */ = {isa = PBXFileReference; lastKnownFileType = sourcecode.swift; path = DocumentBrowserViewController.swift; sourceTree = "<group>"; };
		2C77786029766AE50066B7D9 /* DocumentViewController.swift */ = {isa = PBXFileReference; lastKnownFileType = sourcecode.swift; path = DocumentViewController.swift; sourceTree = "<group>"; };
		2C77786229766AE50066B7D9 /* Document.swift */ = {isa = PBXFileReference; lastKnownFileType = sourcecode.swift; path = Document.swift; sourceTree = "<group>"; };
		2C77786529766AE50066B7D9 /* Base */ = {isa = PBXFileReference; lastKnownFileType = file.storyboard; name = Base; path = Base.lproj/Main.storyboard; sourceTree = "<group>"; };
		2C77786729766AE60066B7D9 /* Assets.xcassets */ = {isa = PBXFileReference; lastKnownFileType = folder.assetcatalog; path = Assets.xcassets; sourceTree = "<group>"; };
		2C77786A29766AE60066B7D9 /* Base */ = {isa = PBXFileReference; lastKnownFileType = file.storyboard; name = Base; path = Base.lproj/LaunchScreen.storyboard; sourceTree = "<group>"; };
		2C77786C29766AE60066B7D9 /* Info.plist */ = {isa = PBXFileReference; lastKnownFileType = text.plist.xml; path = Info.plist; sourceTree = "<group>"; };
		2C77787129766AE60066B7D9 /* playgrond3Tests.xctest */ = {isa = PBXFileReference; explicitFileType = wrapper.cfbundle; includeInIndex = 0; path = playgrond3Tests.xctest; sourceTree = BUILT_PRODUCTS_DIR; };
		2C77787529766AE60066B7D9 /* playgrond3Tests.swift */ = {isa = PBXFileReference; lastKnownFileType = sourcecode.swift; path = playgrond3Tests.swift; sourceTree = "<group>"; };
		2C77787B29766AE60066B7D9 /* playgrond3UITests.xctest */ = {isa = PBXFileReference; explicitFileType = wrapper.cfbundle; includeInIndex = 0; path = playgrond3UITests.xctest; sourceTree = BUILT_PRODUCTS_DIR; };
		2C77787F29766AE60066B7D9 /* playgrond3UITests.swift */ = {isa = PBXFileReference; lastKnownFileType = sourcecode.swift; path = playgrond3UITests.swift; sourceTree = "<group>"; };
		2C77788129766AE60066B7D9 /* playgrond3UITestsLaunchTests.swift */ = {isa = PBXFileReference; lastKnownFileType = sourcecode.swift; path = playgrond3UITestsLaunchTests.swift; sourceTree = "<group>"; };
/* End PBXFileReference section */

/* Begin PBXFrameworksBuildPhase section */
		2C77785629766AE50066B7D9 /* Frameworks */ = {
			isa = PBXFrameworksBuildPhase;
			buildActionMask = 2147483647;
			files = (
			);
			runOnlyForDeploymentPostprocessing = 0;
		};
		2C77786E29766AE60066B7D9 /* Frameworks */ = {
			isa = PBXFrameworksBuildPhase;
			buildActionMask = 2147483647;
			files = (
			);
			runOnlyForDeploymentPostprocessing = 0;
		};
		2C77787829766AE60066B7D9 /* Frameworks */ = {
			isa = PBXFrameworksBuildPhase;
			buildActionMask = 2147483647;
			files = (
			);
			runOnlyForDeploymentPostprocessing = 0;
		};
/* End PBXFrameworksBuildPhase section */

/* Begin PBXGroup section */
		2C77785029766AE50066B7D9 = {
			isa = PBXGroup;
			children = (
				2C77785B29766AE50066B7D9 /* playgrond3 */,
				2C77787429766AE60066B7D9 /* playgrond3Tests */,
				2C77787E29766AE60066B7D9 /* playgrond3UITests */,
				2C77785A29766AE50066B7D9 /* Products */,
			);
			sourceTree = "<group>";
		};
		2C77785A29766AE50066B7D9 /* Products */ = {
			isa = PBXGroup;
			children = (
				2C77785929766AE50066B7D9 /* playgrond3.app */,
				2C77787129766AE60066B7D9 /* playgrond3Tests.xctest */,
				2C77787B29766AE60066B7D9 /* playgrond3UITests.xctest */,
			);
			name = Products;
			sourceTree = "<group>";
		};
		2C77785B29766AE50066B7D9 /* playgrond3 */ = {
			isa = PBXGroup;
			children = (
				2C77785C29766AE50066B7D9 /* AppDelegate.swift */,
				2C77785E29766AE50066B7D9 /* DocumentBrowserViewController.swift */,
				2C77786029766AE50066B7D9 /* DocumentViewController.swift */,
				2C77786229766AE50066B7D9 /* Document.swift */,
				2C77786429766AE50066B7D9 /* Main.storyboard */,
				2C77786729766AE60066B7D9 /* Assets.xcassets */,
				2C77786929766AE60066B7D9 /* LaunchScreen.storyboard */,
				2C77786C29766AE60066B7D9 /* Info.plist */,
			);
			path = playgrond3;
			sourceTree = "<group>";
		};
		2C77787429766AE60066B7D9 /* playgrond3Tests */ = {
			isa = PBXGroup;
			children = (
				2C77787529766AE60066B7D9 /* playgrond3Tests.swift */,
			);
			path = playgrond3Tests;
			sourceTree = "<group>";
		};
		2C77787E29766AE60066B7D9 /* playgrond3UITests */ = {
			isa = PBXGroup;
			children = (
				2C77787F29766AE60066B7D9 /* playgrond3UITests.swift */,
				2C77788129766AE60066B7D9 /* playgrond3UITestsLaunchTests.swift */,
			);
			path = playgrond3UITests;
			sourceTree = "<group>";
		};
/* End PBXGroup section */

/* Begin PBXNativeTarget section */
		2C77785829766AE50066B7D9 /* playgrond3 */ = {
			isa = PBXNativeTarget;
			buildConfigurationList = 2C77788529766AE60066B7D9 /* Build configuration list for PBXNativeTarget "playgrond3" */;
			buildPhases = (
				2C77785529766AE50066B7D9 /* Sources */,
				2C77785629766AE50066B7D9 /* Frameworks */,
				2C77785729766AE50066B7D9 /* Resources */,
			);
			buildRules = (
			);
			dependencies = (
			);
			name = playgrond3;
			productName = playgrond3;
			productReference = 2C77785929766AE50066B7D9 /* playgrond3.app */;
			productType = "com.apple.product-type.application";
		};
		2C77787029766AE60066B7D9 /* playgrond3Tests */ = {
			isa = PBXNativeTarget;
			buildConfigurationList = 2C77788829766AE60066B7D9 /* Build configuration list for PBXNativeTarget "playgrond3Tests" */;
			buildPhases = (
				2C77786D29766AE60066B7D9 /* Sources */,
				2C77786E29766AE60066B7D9 /* Frameworks */,
				2C77786F29766AE60066B7D9 /* Resources */,
			);
			buildRules = (
			);
			dependencies = (
				2C77787329766AE60066B7D9 /* PBXTargetDependency */,
			);
			name = playgrond3Tests;
			productName = playgrond3Tests;
			productReference = 2C77787129766AE60066B7D9 /* playgrond3Tests.xctest */;
			productType = "com.apple.product-type.bundle.unit-test";
		};
		2C77787A29766AE60066B7D9 /* playgrond3UITests */ = {
			isa = PBXNativeTarget;
			buildConfigurationList = 2C77788B29766AE60066B7D9 /* Build configuration list for PBXNativeTarget "playgrond3UITests" */;
			buildPhases = (
				2C77787729766AE60066B7D9 /* Sources */,
				2C77787829766AE60066B7D9 /* Frameworks */,
				2C77787929766AE60066B7D9 /* Resources */,
			);
			buildRules = (
			);
			dependencies = (
				2C77787D29766AE60066B7D9 /* PBXTargetDependency */,
			);
			name = playgrond3UITests;
			productName = playgrond3UITests;
			productReference = 2C77787B29766AE60066B7D9 /* playgrond3UITests.xctest */;
			productType = "com.apple.product-type.bundle.ui-testing";
		};
/* End PBXNativeTarget section */

/* Begin PBXProject section */
		2C77785129766AE50066B7D9 /* Project object */ = {
			isa = PBXProject;
			attributes = {
				BuildIndependentTargetsInParallel = 1;
				LastSwiftUpdateCheck = 1420;
				LastUpgradeCheck = 1420;
				TargetAttributes = {
					2C77785829766AE50066B7D9 = {
						CreatedOnToolsVersion = 14.2;
					};
					2C77787029766AE60066B7D9 = {
						CreatedOnToolsVersion = 14.2;
						TestTargetID = 2C77785829766AE50066B7D9;
					};
					2C77787A29766AE60066B7D9 = {
						CreatedOnToolsVersion = 14.2;
						TestTargetID = 2C77785829766AE50066B7D9;
					};
				};
			};
			buildConfigurationList = 2C77785429766AE50066B7D9 /* Build configuration list for PBXProject "playgrond3" */;
			compatibilityVersion = "Xcode 14.0";
			developmentRegion = en;
			hasScannedForEncodings = 0;
			knownRegions = (
				en,
				Base,
			);
			mainGroup = 2C77785029766AE50066B7D9;
			productRefGroup = 2C77785A29766AE50066B7D9 /* Products */;
			projectDirPath = "";
			projectRoot = "";
			targets = (
				2C77785829766AE50066B7D9 /* playgrond3 */,
				2C77787029766AE60066B7D9 /* playgrond3Tests */,
				2C77787A29766AE60066B7D9 /* playgrond3UITests */,
			);
		};
/* End PBXProject section */

/* Begin PBXResourcesBuildPhase section */
		2C77785729766AE50066B7D9 /* Resources */ = {
			isa = PBXResourcesBuildPhase;
			buildActionMask = 2147483647;
			files = (
				2C77786B29766AE60066B7D9 /* LaunchScreen.storyboard in Resources */,
				2C77786829766AE60066B7D9 /* Assets.xcassets in Resources */,
				2C77786629766AE50066B7D9 /* Main.storyboard in Resources */,
			);
			runOnlyForDeploymentPostprocessing = 0;
		};
		2C77786F29766AE60066B7D9 /* Resources */ = {
			isa = PBXResourcesBuildPhase;
			buildActionMask = 2147483647;
			files = (
			);
			runOnlyForDeploymentPostprocessing = 0;
		};
		2C77787929766AE60066B7D9 /* Resources */ = {
			isa = PBXResourcesBuildPhase;
			buildActionMask = 2147483647;
			files = (
			);
			runOnlyForDeploymentPostprocessing = 0;
		};
/* End PBXResourcesBuildPhase section */

/* Begin PBXSourcesBuildPhase section */
		2C77785529766AE50066B7D9 /* Sources */ = {
			isa = PBXSourcesBuildPhase;
			buildActionMask = 2147483647;
			files = (
				2C77786329766AE50066B7D9 /* Document.swift in Sources */,
				2C77786129766AE50066B7D9 /* DocumentViewController.swift in Sources */,
				2C77785F29766AE50066B7D9 /* DocumentBrowserViewController.swift in Sources */,
				2C77785D29766AE50066B7D9 /* AppDelegate.swift in Sources */,
			);
			runOnlyForDeploymentPostprocessing = 0;
		};
		2C77786D29766AE60066B7D9 /* Sources */ = {
			isa = PBXSourcesBuildPhase;
			buildActionMask = 2147483647;
			files = (
				2C77787629766AE60066B7D9 /* playgrond3Tests.swift in Sources */,
			);
			runOnlyForDeploymentPostprocessing = 0;
		};
		2C77787729766AE60066B7D9 /* Sources */ = {
			isa = PBXSourcesBuildPhase;
			buildActionMask = 2147483647;
			files = (
				2C77788029766AE60066B7D9 /* playgrond3UITests.swift in Sources */,
				2C77788229766AE60066B7D9 /* playgrond3UITestsLaunchTests.swift in Sources */,
			);
			runOnlyForDeploymentPostprocessing = 0;
		};
/* End PBXSourcesBuildPhase section */

/* Begin PBXTargetDependency section */
		2C77787329766AE60066B7D9 /* PBXTargetDependency */ = {
			isa = PBXTargetDependency;
			target = 2C77785829766AE50066B7D9 /* playgrond3 */;
			targetProxy = 2C77787229766AE60066B7D9 /* PBXContainerItemProxy */;
		};
		2C77787D29766AE60066B7D9 /* PBXTargetDependency */ = {
			isa = PBXTargetDependency;
			target = 2C77785829766AE50066B7D9 /* playgrond3 */;
			targetProxy = 2C77787C29766AE60066B7D9 /* PBXContainerItemProxy */;
		};
/* End PBXTargetDependency section */

/* Begin PBXVariantGroup section */
		2C77786429766AE50066B7D9 /* Main.storyboard */ = {
			isa = PBXVariantGroup;
			children = (
				2C77786529766AE50066B7D9 /* Base */,
			);
			name = Main.storyboard;
			sourceTree = "<group>";
		};
		2C77786929766AE60066B7D9 /* LaunchScreen.storyboard */ = {
			isa = PBXVariantGroup;
			children = (
				2C77786A29766AE60066B7D9 /* Base */,
			);
			name = LaunchScreen.storyboard;
			sourceTree = "<group>";
		};
/* End PBXVariantGroup section */

/* Begin XCBuildConfiguration section */
		2C77788329766AE60066B7D9 /* Debug */ = {
			isa = XCBuildConfiguration;
			buildSettings = {
				ALWAYS_SEARCH_USER_PATHS = NO;
				CLANG_ANALYZER_NONNULL = YES;
				CLANG_ANALYZER_NUMBER_OBJECT_CONVERSION = YES_AGGRESSIVE;
				CLANG_CXX_LANGUAGE_STANDARD = "gnu++20";
				CLANG_ENABLE_MODULES = YES;
				CLANG_ENABLE_OBJC_ARC = YES;
				CLANG_ENABLE_OBJC_WEAK = YES;
				CLANG_WARN_BLOCK_CAPTURE_AUTORELEASING = YES;
				CLANG_WARN_BOOL_CONVERSION = YES;
				CLANG_WARN_COMMA = YES;
				CLANG_WARN_CONSTANT_CONVERSION = YES;
				CLANG_WARN_DEPRECATED_OBJC_IMPLEMENTATIONS = YES;
				CLANG_WARN_DIRECT_OBJC_ISA_USAGE = YES_ERROR;
				CLANG_WARN_DOCUMENTATION_COMMENTS = YES;
				CLANG_WARN_EMPTY_BODY = YES;
				CLANG_WARN_ENUM_CONVERSION = YES;
				CLANG_WARN_INFINITE_RECURSION = YES;
				CLANG_WARN_INT_CONVERSION = YES;
				CLANG_WARN_NON_LITERAL_NULL_CONVERSION = YES;
				CLANG_WARN_OBJC_IMPLICIT_RETAIN_SELF = YES;
				CLANG_WARN_OBJC_LITERAL_CONVERSION = YES;
				CLANG_WARN_OBJC_ROOT_CLASS = YES_ERROR;
				CLANG_WARN_QUOTED_INCLUDE_IN_FRAMEWORK_HEADER = YES;
				CLANG_WARN_RANGE_LOOP_ANALYSIS = YES;
				CLANG_WARN_STRICT_PROTOTYPES = YES;
				CLANG_WARN_SUSPICIOUS_MOVE = YES;
				CLANG_WARN_UNGUARDED_AVAILABILITY = YES_AGGRESSIVE;
				CLANG_WARN_UNREACHABLE_CODE = YES;
				CLANG_WARN__DUPLICATE_METHOD_MATCH = YES;
				COPY_PHASE_STRIP = NO;
				DEBUG_INFORMATION_FORMAT = dwarf;
				ENABLE_STRICT_OBJC_MSGSEND = YES;
				ENABLE_TESTABILITY = YES;
				GCC_C_LANGUAGE_STANDARD = gnu11;
				GCC_DYNAMIC_NO_PIC = NO;
				GCC_NO_COMMON_BLOCKS = YES;
				GCC_OPTIMIZATION_LEVEL = 0;
				GCC_PREPROCESSOR_DEFINITIONS = (
					"DEBUG=1",
					"$(inherited)",
				);
				GCC_WARN_64_TO_32_BIT_CONVERSION = YES;
				GCC_WARN_ABOUT_RETURN_TYPE = YES_ERROR;
				GCC_WARN_UNDECLARED_SELECTOR = YES;
				GCC_WARN_UNINITIALIZED_AUTOS = YES_AGGRESSIVE;
				GCC_WARN_UNUSED_FUNCTION = YES;
				GCC_WARN_UNUSED_VARIABLE = YES;
				IPHONEOS_DEPLOYMENT_TARGET = 16.2;
				MTL_ENABLE_DEBUG_INFO = INCLUDE_SOURCE;
				MTL_FAST_MATH = YES;
				ONLY_ACTIVE_ARCH = YES;
				SDKROOT = iphoneos;
				SWIFT_ACTIVE_COMPILATION_CONDITIONS = DEBUG;
				SWIFT_OPTIMIZATION_LEVEL = "-Onone";
			};
			name = Debug;
		};
		2C77788429766AE60066B7D9 /* Release */ = {
			isa = XCBuildConfiguration;
			buildSettings = {
				ALWAYS_SEARCH_USER_PATHS = NO;
				CLANG_ANALYZER_NONNULL = YES;
				CLANG_ANALYZER_NUMBER_OBJECT_CONVERSION = YES_AGGRESSIVE;
				CLANG_CXX_LANGUAGE_STANDARD = "gnu++20";
				CLANG_ENABLE_MODULES = YES;
				CLANG_ENABLE_OBJC_ARC = YES;
				CLANG_ENABLE_OBJC_WEAK = YES;
				CLANG_WARN_BLOCK_CAPTURE_AUTORELEASING = YES;
				CLANG_WARN_BOOL_CONVERSION = YES;
				CLANG_WARN_COMMA = YES;
				CLANG_WARN_CONSTANT_CONVERSION = YES;
				CLANG_WARN_DEPRECATED_OBJC_IMPLEMENTATIONS = YES;
				CLANG_WARN_DIRECT_OBJC_ISA_USAGE = YES_ERROR;
				CLANG_WARN_DOCUMENTATION_COMMENTS = YES;
				CLANG_WARN_EMPTY_BODY = YES;
				CLANG_WARN_ENUM_CONVERSION = YES;
				CLANG_WARN_INFINITE_RECURSION = YES;
				CLANG_WARN_INT_CONVERSION = YES;
				CLANG_WARN_NON_LITERAL_NULL_CONVERSION = YES;
				CLANG_WARN_OBJC_IMPLICIT_RETAIN_SELF = YES;
				CLANG_WARN_OBJC_LITERAL_CONVERSION = YES;
				CLANG_WARN_OBJC_ROOT_CLASS = YES_ERROR;
				CLANG_WARN_QUOTED_INCLUDE_IN_FRAMEWORK_HEADER = YES;
				CLANG_WARN_RANGE_LOOP_ANALYSIS = YES;
				CLANG_WARN_STRICT_PROTOTYPES = YES;
				CLANG_WARN_SUSPICIOUS_MOVE = YES;
				CLANG_WARN_UNGUARDED_AVAILABILITY = YES_AGGRESSIVE;
				CLANG_WARN_UNREACHABLE_CODE = YES;
				CLANG_WARN__DUPLICATE_METHOD_MATCH = YES;
				COPY_PHASE_STRIP = NO;
				DEBUG_INFORMATION_FORMAT = "dwarf-with-dsym";
				ENABLE_NS_ASSERTIONS = NO;
				ENABLE_STRICT_OBJC_MSGSEND = YES;
				GCC_C_LANGUAGE_STANDARD = gnu11;
				GCC_NO_COMMON_BLOCKS = YES;
				GCC_WARN_64_TO_32_BIT_CONVERSION = YES;
				GCC_WARN_ABOUT_RETURN_TYPE = YES_ERROR;
				GCC_WARN_UNDECLARED_SELECTOR = YES;
				GCC_WARN_UNINITIALIZED_AUTOS = YES_AGGRESSIVE;
				GCC_WARN_UNUSED_FUNCTION = YES;
				GCC_WARN_UNUSED_VARIABLE = YES;
				IPHONEOS_DEPLOYMENT_TARGET = 16.2;
				MTL_ENABLE_DEBUG_INFO = NO;
				MTL_FAST_MATH = YES;
				SDKROOT = iphoneos;
				SWIFT_COMPILATION_MODE = wholemodule;
				SWIFT_OPTIMIZATION_LEVEL = "-O";
				VALIDATE_PRODUCT = YES;
			};
			name = Release;
		};
		2C77788629766AE60066B7D9 /* Debug */ = {
			isa = XCBuildConfiguration;
			buildSettings = {
				ASSETCATALOG_COMPILER_APPICON_NAME = AppIcon;
				ASSETCATALOG_COMPILER_GLOBAL_ACCENT_COLOR_NAME = AccentColor;
				CODE_SIGN_STYLE = Automatic;
				CURRENT_PROJECT_VERSION = 1;
				DEVELOPMENT_TEAM = 29YWNF3G52;
				GENERATE_INFOPLIST_FILE = YES;
				INFOPLIST_FILE = playgrond3/Info.plist;
				INFOPLIST_KEY_UIApplicationSupportsIndirectInputEvents = YES;
				INFOPLIST_KEY_UILaunchStoryboardName = LaunchScreen;
				INFOPLIST_KEY_UIMainStoryboardFile = Main;
				INFOPLIST_KEY_UISupportedInterfaceOrientations_iPad = "UIInterfaceOrientationPortrait UIInterfaceOrientationPortraitUpsideDown UIInterfaceOrientationLandscapeLeft UIInterfaceOrientationLandscapeRight";
				INFOPLIST_KEY_UISupportedInterfaceOrientations_iPhone = "UIInterfaceOrientationPortrait UIInterfaceOrientationLandscapeLeft UIInterfaceOrientationLandscapeRight";
				INFOPLIST_KEY_UISupportsDocumentBrowser = YES;
				LD_RUNPATH_SEARCH_PATHS = (
					"$(inherited)",
					"@executable_path/Frameworks",
				);
				MARKETING_VERSION = 1.0;
				PRODUCT_BUNDLE_IDENTIFIER = test2.playgrond3;
				PRODUCT_NAME = "$(TARGET_NAME)";
				SWIFT_EMIT_LOC_STRINGS = YES;
				SWIFT_VERSION = 5.0;
				TARGETED_DEVICE_FAMILY = "1,2";
			};
			name = Debug;
		};
		2C77788729766AE60066B7D9 /* Release */ = {
			isa = XCBuildConfiguration;
			buildSettings = {
				ASSETCATALOG_COMPILER_APPICON_NAME = AppIcon;
				ASSETCATALOG_COMPILER_GLOBAL_ACCENT_COLOR_NAME = AccentColor;
				CODE_SIGN_STYLE = Automatic;
				CURRENT_PROJECT_VERSION = 1;
				DEVELOPMENT_TEAM = 29YWNF3G52;
				GENERATE_INFOPLIST_FILE = YES;
				INFOPLIST_FILE = playgrond3/Info.plist;
				INFOPLIST_KEY_UIApplicationSupportsIndirectInputEvents = YES;
				INFOPLIST_KEY_UILaunchStoryboardName = LaunchScreen;
				INFOPLIST_KEY_UIMainStoryboardFile = Main;
				INFOPLIST_KEY_UISupportedInterfaceOrientations_iPad = "UIInterfaceOrientationPortrait UIInterfaceOrientationPortraitUpsideDown UIInterfaceOrientationLandscapeLeft UIInterfaceOrientationLandscapeRight";
				INFOPLIST_KEY_UISupportedInterfaceOrientations_iPhone = "UIInterfaceOrientationPortrait UIInterfaceOrientationLandscapeLeft UIInterfaceOrientationLandscapeRight";
				INFOPLIST_KEY_UISupportsDocumentBrowser = YES;
				LD_RUNPATH_SEARCH_PATHS = (
					"$(inherited)",
					"@executable_path/Frameworks",
				);
				MARKETING_VERSION = 1.0;
				PRODUCT_BUNDLE_IDENTIFIER = test2.playgrond3;
				PRODUCT_NAME = "$(TARGET_NAME)";
				SWIFT_EMIT_LOC_STRINGS = YES;
				SWIFT_VERSION = 5.0;
				TARGETED_DEVICE_FAMILY = "1,2";
			};
			name = Release;
		};
		2C77788929766AE60066B7D9 /* Debug */ = {
			isa = XCBuildConfiguration;
			buildSettings = {
				ALWAYS_EMBED_SWIFT_STANDARD_LIBRARIES = YES;
				BUNDLE_LOADER = "$(TEST_HOST)";
				CODE_SIGN_STYLE = Automatic;
				CURRENT_PROJECT_VERSION = 1;
				DEVELOPMENT_TEAM = 29YWNF3G52;
				GENERATE_INFOPLIST_FILE = YES;
				IPHONEOS_DEPLOYMENT_TARGET = 16.2;
				MARKETING_VERSION = 1.0;
				PRODUCT_BUNDLE_IDENTIFIER = test2.playgrond3Tests;
				PRODUCT_NAME = "$(TARGET_NAME)";
				SWIFT_EMIT_LOC_STRINGS = NO;
				SWIFT_VERSION = 5.0;
				TARGETED_DEVICE_FAMILY = "1,2";
				TEST_HOST = "$(BUILT_PRODUCTS_DIR)/playgrond3.app/$(BUNDLE_EXECUTABLE_FOLDER_PATH)/playgrond3";
			};
			name = Debug;
		};
		2C77788A29766AE60066B7D9 /* Release */ = {
			isa = XCBuildConfiguration;
			buildSettings = {
				ALWAYS_EMBED_SWIFT_STANDARD_LIBRARIES = YES;
				BUNDLE_LOADER = "$(TEST_HOST)";
				CODE_SIGN_STYLE = Automatic;
				CURRENT_PROJECT_VERSION = 1;
				DEVELOPMENT_TEAM = 29YWNF3G52;
				GENERATE_INFOPLIST_FILE = YES;
				IPHONEOS_DEPLOYMENT_TARGET = 16.2;
				MARKETING_VERSION = 1.0;
				PRODUCT_BUNDLE_IDENTIFIER = test2.playgrond3Tests;
				PRODUCT_NAME = "$(TARGET_NAME)";
				SWIFT_EMIT_LOC_STRINGS = NO;
				SWIFT_VERSION = 5.0;
				TARGETED_DEVICE_FAMILY = "1,2";
				TEST_HOST = "$(BUILT_PRODUCTS_DIR)/playgrond3.app/$(BUNDLE_EXECUTABLE_FOLDER_PATH)/playgrond3";
			};
			name = Release;
		};
		2C77788C29766AE60066B7D9 /* Debug */ = {
			isa = XCBuildConfiguration;
			buildSettings = {
				ALWAYS_EMBED_SWIFT_STANDARD_LIBRARIES = YES;
				CODE_SIGN_STYLE = Automatic;
				CURRENT_PROJECT_VERSION = 1;
				DEVELOPMENT_TEAM = 29YWNF3G52;
				GENERATE_INFOPLIST_FILE = YES;
				MARKETING_VERSION = 1.0;
				PRODUCT_BUNDLE_IDENTIFIER = test2.playgrond3UITests;
				PRODUCT_NAME = "$(TARGET_NAME)";
				SWIFT_EMIT_LOC_STRINGS = NO;
				SWIFT_VERSION = 5.0;
				TARGETED_DEVICE_FAMILY = "1,2";
				TEST_TARGET_NAME = playgrond3;
			};
			name = Debug;
		};
		2C77788D29766AE60066B7D9 /* Release */ = {
			isa = XCBuildConfiguration;
			buildSettings = {
				ALWAYS_EMBED_SWIFT_STANDARD_LIBRARIES = YES;
				CODE_SIGN_STYLE = Automatic;
				CURRENT_PROJECT_VERSION = 1;
				DEVELOPMENT_TEAM = 29YWNF3G52;
				GENERATE_INFOPLIST_FILE = YES;
				MARKETING_VERSION = 1.0;
				PRODUCT_BUNDLE_IDENTIFIER = test2.playgrond3UITests;
				PRODUCT_NAME = "$(TARGET_NAME)";
				SWIFT_EMIT_LOC_STRINGS = NO;
				SWIFT_VERSION = 5.0;
				TARGETED_DEVICE_FAMILY = "1,2";
				TEST_TARGET_NAME = playgrond3;
			};
			name = Release;
		};
/* End XCBuildConfiguration section */

/* Begin XCConfigurationList section */
		2C77785429766AE50066B7D9 /* Build configuration list for PBXProject "playgrond3" */ = {
			isa = XCConfigurationList;
			buildConfigurations = (
				2C77788329766AE60066B7D9 /* Debug */,
				2C77788429766AE60066B7D9 /* Release */,
			);
			defaultConfigurationIsVisible = 0;
			defaultConfigurationName = Release;
		};
		2C77788529766AE60066B7D9 /* Build configuration list for PBXNativeTarget "playgrond3" */ = {
			isa = XCConfigurationList;
			buildConfigurations = (
				2C77788629766AE60066B7D9 /* Debug */,
				2C77788729766AE60066B7D9 /* Release */,
			);
			defaultConfigurationIsVisible = 0;
			defaultConfigurationName = Release;
		};
		2C77788829766AE60066B7D9 /* Build configuration list for PBXNativeTarget "playgrond3Tests" */ = {
			isa = XCConfigurationList;
			buildConfigurations = (
				2C77788929766AE60066B7D9 /* Debug */,
				2C77788A29766AE60066B7D9 /* Release */,
			);
			defaultConfigurationIsVisible = 0;
			defaultConfigurationName = Release;
		};
		2C77788B29766AE60066B7D9 /* Build configuration list for PBXNativeTarget "playgrond3UITests" */ = {
			isa = XCConfigurationList;
			buildConfigurations = (
				2C77788C29766AE60066B7D9 /* Debug */,
				2C77788D29766AE60066B7D9 /* Release */,
			);
			defaultConfigurationIsVisible = 0;
			defaultConfigurationName = Release;
		};
/* End XCConfigurationList section */
	};
	rootObject = 2C77785129766AE50066B7D9 /* Project object */;
}
